
Microsoft Visual Studio Solution File, Format Version 12.00
# Visual Studio Version 17
VisualStudioVersion = 17.6.33829.357
MinimumVisualStudioVersion = 10.0.40219.1
Project("{FAE04EC0-301F-11D3-BF4B-00C04F79EFBC}") = "001 MyFirstProgram", "001 MyFirstProgram\001 MyFirstProgram.csproj", "{7C573EF9-D481-4926-9C1B-1B7A72B15CA1}"
EndProject
Global
	GlobalSection(SolutionConfigurationPlatforms) = preSolution
		Debug|Any CPU = Debug|Any CPU
		Release|Any CPU = Release|Any CPU
	EndGlobalSection
	GlobalSection(ProjectConfigurationPlatforms) = postSolution
		{7C573EF9-D481-4926-9C1B-1B7A72B15CA1}.Debug|Any CPU.ActiveCfg = Debug|Any CPU
		{7C573EF9-D481-4926-9C1B-1B7A72B15CA1}.Debug|Any CPU.Build.0 = Debug|Any CPU
		{7C573EF9-D481-4926-9C1B-1B7A72B15CA1}.Release|Any CPU.ActiveCfg = Release|Any CPU
		{7C573EF9-D481-4926-9C1B-1B7A72B15CA1}.Release|Any CPU.Build.0 = Release|Any CPU
	EndGlobalSection
	GlobalSection(SolutionProperties) = preSolution
		HideSolutionNode = FALSE
	EndGlobalSection
	GlobalSection(ExtensibilityGlobals) = postSolution
		SolutionGuid = {5B745991-3B91-43C0-A7FB-E67A46F60C0A}
	EndGlobalSection
EndGlobal
